
Microsoft Visual Studio Solution File, Format Version 12.00
# Visual Studio Version 17
VisualStudioVersion = 17.14.36310.24 d17.14
MinimumVisualStudioVersion = 10.0.40219.1
Project("{FAE04EC0-301F-11D3-BF4B-00C04F79EFBC}") = "HesapMakinesiFormApp", "WinFormsApp1\HesapMakinesiFormApp.csproj", "{15347AD1-4DD4-4057-BEFA-C249ECB92F2E}"
EndProject
Global
	GlobalSection(SolutionConfigurationPlatforms) = preSolution
		Debug|Any CPU = Debug|Any CPU
		Release|Any CPU = Release|Any CPU
	EndGlobalSection
	GlobalSection(ProjectConfigurationPlatforms) = postSolution
		{15347AD1-4DD4-4057-BEFA-C249ECB92F2E}.Debug|Any CPU.ActiveCfg = Debug|Any CPU
		{15347AD1-4DD4-4057-BEFA-C249ECB92F2E}.Debug|Any CPU.Build.0 = Debug|Any CPU
		{15347AD1-4DD4-4057-BEFA-C249ECB92F2E}.Release|Any CPU.ActiveCfg = Release|Any CPU
		{15347AD1-4DD4-4057-BEFA-C249ECB92F2E}.Release|Any CPU.Build.0 = Release|Any CPU
	EndGlobalSection
	GlobalSection(SolutionProperties) = preSolution
		HideSolutionNode = FALSE
	EndGlobalSection
	GlobalSection(ExtensibilityGlobals) = postSolution
		SolutionGuid = {73543278-125F-4689-9614-89B1564F8B5A}
	EndGlobalSection
EndGlobal
